// !$*UTF8*$!
{
	archiveVersion = 1;
	classes = {
	};
	objectVersion = 50;
	objects = {

/* Begin PBXBuildFile section */
		16A6490323B34EFE0082CCB2 /* AppDelegate.swift in Sources */ = {isa = PBXBuildFile; fileRef = 16A6490223B34EFE0082CCB2 /* AppDelegate.swift */; };
		16A6490523B34EFE0082CCB2 /* SceneDelegate.swift in Sources */ = {isa = PBXBuildFile; fileRef = 16A6490423B34EFE0082CCB2 /* SceneDelegate.swift */; };
		16A6490723B34EFE0082CCB2 /* ViewController.swift in Sources */ = {isa = PBXBuildFile; fileRef = 16A6490623B34EFE0082CCB2 /* ViewController.swift */; };
		16A6490A23B34EFE0082CCB2 /* Main.storyboard in Resources */ = {isa = PBXBuildFile; fileRef = 16A6490823B34EFE0082CCB2 /* Main.storyboard */; };
		16A6490C23B34F000082CCB2 /* Assets.xcassets in Resources */ = {isa = PBXBuildFile; fileRef = 16A6490B23B34F000082CCB2 /* Assets.xcassets */; };
		16A6490F23B34F000082CCB2 /* LaunchScreen.storyboard in Resources */ = {isa = PBXBuildFile; fileRef = 16A6490D23B34F000082CCB2 /* LaunchScreen.storyboard */; };
		16A6491A23B34F000082CCB2 /* TestLibTests.swift in Sources */ = {isa = PBXBuildFile; fileRef = 16A6491923B34F000082CCB2 /* TestLibTests.swift */; };
/* End PBXBuildFile section */

/* Begin PBXContainerItemProxy section */
		16A6491623B34F000082CCB2 /* PBXContainerItemProxy */ = {
			isa = PBXContainerItemProxy;
			containerPortal = 16A648F723B34EFE0082CCB2 /* Project object */;
			proxyType = 1;
			remoteGlobalIDString = 16A648FE23B34EFE0082CCB2;
			remoteInfo = TestLib;
		};
/* End PBXContainerItemProxy section */

/* Begin PBXFileReference section */
		16A648FF23B34EFE0082CCB2 /* TestLib.app */ = {isa = PBXFileReference; explicitFileType = wrapper.application; includeInIndex = 0; path = TestLib.app; sourceTree = BUILT_PRODUCTS_DIR; };
		16A6490223B34EFE0082CCB2 /* AppDelegate.swift */ = {isa = PBXFileReference; lastKnownFileType = sourcecode.swift; path = AppDelegate.swift; sourceTree = "<group>"; };
		16A6490423B34EFE0082CCB2 /* SceneDelegate.swift */ = {isa = PBXFileReference; lastKnownFileType = sourcecode.swift; path = SceneDelegate.swift; sourceTree = "<group>"; };
		16A6490623B34EFE0082CCB2 /* ViewController.swift */ = {isa = PBXFileReference; lastKnownFileType = sourcecode.swift; path = ViewController.swift; sourceTree = "<group>"; };
		16A6490923B34EFE0082CCB2 /* Base */ = {isa = PBXFileReference; lastKnownFileType = file.storyboard; name = Base; path = Base.lproj/Main.storyboard; sourceTree = "<group>"; };
		16A6490B23B34F000082CCB2 /* Assets.xcassets */ = {isa = PBXFileReference; lastKnownFileType = folder.assetcatalog; path = Assets.xcassets; sourceTree = "<group>"; };
		16A6490E23B34F000082CCB2 /* Base */ = {isa = PBXFileReference; lastKnownFileType = file.storyboard; name = Base; path = Base.lproj/LaunchScreen.storyboard; sourceTree = "<group>"; };
		16A6491023B34F000082CCB2 /* Info.plist */ = {isa = PBXFileReference; lastKnownFileType = text.plist.xml; path = Info.plist; sourceTree = "<group>"; };
		16A6491523B34F000082CCB2 /* TestLibTests.xctest */ = {isa = PBXFileReference; explicitFileType = wrapper.cfbundle; includeInIndex = 0; path = TestLibTests.xctest; sourceTree = BUILT_PRODUCTS_DIR; };
		16A6491923B34F000082CCB2 /* TestLibTests.swift */ = {isa = PBXFileReference; lastKnownFileType = sourcecode.swift; path = TestLibTests.swift; sourceTree = "<group>"; };
		16A6491B23B34F000082CCB2 /* Info.plist */ = {isa = PBXFileReference; lastKnownFileType = text.plist.xml; path = Info.plist; sourceTree = "<group>"; };
/* End PBXFileReference section */

/* Begin PBXFrameworksBuildPhase section */
		16A648FC23B34EFE0082CCB2 /* Frameworks */ = {
			isa = PBXFrameworksBuildPhase;
			buildActionMask = 2147483647;
			files = (
			);
			runOnlyForDeploymentPostprocessing = 0;
		};
		16A6491223B34F000082CCB2 /* Frameworks */ = {
			isa = PBXFrameworksBuildPhase;
			buildActionMask = 2147483647;
			files = (
			);
			runOnlyForDeploymentPostprocessing = 0;
		};
/* End PBXFrameworksBuildPhase section */

/* Begin PBXGroup section */
		16A648F623B34EFE0082CCB2 = {
			isa = PBXGroup;
			children = (
				16A6490123B34EFE0082CCB2 /* TestLib */,
				16A6491823B34F000082CCB2 /* TestLibTests */,
				16A6490023B34EFE0082CCB2 /* Products */,
			);
			sourceTree = "<group>";
		};
		16A6490023B34EFE0082CCB2 /* Products */ = {
			isa = PBXGroup;
			children = (
				16A648FF23B34EFE0082CCB2 /* TestLib.app */,
				16A6491523B34F000082CCB2 /* TestLibTests.xctest */,
			);
			name = Products;
			sourceTree = "<group>";
		};
		16A6490123B34EFE0082CCB2 /* TestLib */ = {
			isa = PBXGroup;
			children = (
				16A6490223B34EFE0082CCB2 /* AppDelegate.swift */,
				16A6490423B34EFE0082CCB2 /* SceneDelegate.swift */,
				16A6490623B34EFE0082CCB2 /* ViewController.swift */,
				16A6490823B34EFE0082CCB2 /* Main.storyboard */,
				16A6490B23B34F000082CCB2 /* Assets.xcassets */,
				16A6490D23B34F000082CCB2 /* LaunchScreen.storyboard */,
				16A6491023B34F000082CCB2 /* Info.plist */,
			);
			path = TestLib;
			sourceTree = "<group>";
		};
		16A6491823B34F000082CCB2 /* TestLibTests */ = {
			isa = PBXGroup;
			children = (
				16A6491923B34F000082CCB2 /* TestLibTests.swift */,
				16A6491B23B34F000082CCB2 /* Info.plist */,
			);
			path = TestLibTests;
			sourceTree = "<group>";
		};
/* End PBXGroup section */

/* Begin PBXNativeTarget section */
		16A648FE23B34EFE0082CCB2 /* TestLib */ = {
			isa = PBXNativeTarget;
			buildConfigurationList = 16A6491E23B34F000082CCB2 /* Build configuration list for PBXNativeTarget "TestLib" */;
			buildPhases = (
				16A648FB23B34EFE0082CCB2 /* Sources */,
				16A648FC23B34EFE0082CCB2 /* Frameworks */,
				16A648FD23B34EFE0082CCB2 /* Resources */,
			);
			buildRules = (
			);
			dependencies = (
			);
			name = TestLib;
			productName = TestLib;
			productReference = 16A648FF23B34EFE0082CCB2 /* TestLib.app */;
			productType = "com.apple.product-type.application";
		};
		16A6491423B34F000082CCB2 /* TestLibTests */ = {
			isa = PBXNativeTarget;
			buildConfigurationList = 16A6492123B34F000082CCB2 /* Build configuration list for PBXNativeTarget "TestLibTests" */;
			buildPhases = (
				16A6491123B34F000082CCB2 /* Sources */,
				16A6491223B34F000082CCB2 /* Frameworks */,
				16A6491323B34F000082CCB2 /* Resources */,
			);
			buildRules = (
			);
			dependencies = (
				16A6491723B34F000082CCB2 /* PBXTargetDependency */,
			);
			name = TestLibTests;
			productName = TestLibTests;
			productReference = 16A6491523B34F000082CCB2 /* TestLibTests.xctest */;
			productType = "com.apple.product-type.bundle.unit-test";
		};
/* End PBXNativeTarget section */

/* Begin PBXProject section */
		16A648F723B34EFE0082CCB2 /* Project object */ = {
			isa = PBXProject;
			attributes = {
				LastSwiftUpdateCheck = 1130;
				LastUpgradeCheck = 1130;
				ORGANIZATIONNAME = "Ayudhya Capital Auto Lease Plc.";
				TargetAttributes = {
					16A648FE23B34EFE0082CCB2 = {
						CreatedOnToolsVersion = 11.3;
					};
					16A6491423B34F000082CCB2 = {
						CreatedOnToolsVersion = 11.3;
						TestTargetID = 16A648FE23B34EFE0082CCB2;
					};
				};
			};
			buildConfigurationList = 16A648FA23B34EFE0082CCB2 /* Build configuration list for PBXProject "TestLib" */;
			compatibilityVersion = "Xcode 9.3";
			developmentRegion = en;
			hasScannedForEncodings = 0;
			knownRegions = (
				en,
				Base,
			);
			mainGroup = 16A648F623B34EFE0082CCB2;
			productRefGroup = 16A6490023B34EFE0082CCB2 /* Products */;
			projectDirPath = "";
			projectRoot = "";
			targets = (
				16A648FE23B34EFE0082CCB2 /* TestLib */,
				16A6491423B34F000082CCB2 /* TestLibTests */,
			);
		};
/* End PBXProject section */

/* Begin PBXResourcesBuildPhase section */
		16A648FD23B34EFE0082CCB2 /* Resources */ = {
			isa = PBXResourcesBuildPhase;
			buildActionMask = 2147483647;
			files = (
				16A6490F23B34F000082CCB2 /* LaunchScreen.storyboard in Resources */,
				16A6490C23B34F000082CCB2 /* Assets.xcassets in Resources */,
				16A6490A23B34EFE0082CCB2 /* Main.storyboard in Resources */,
			);
			runOnlyForDeploymentPostprocessing = 0;
		};
		16A6491323B34F000082CCB2 /* Resources */ = {
			isa = PBXResourcesBuildPhase;
			buildActionMask = 2147483647;
			files = (
			);
			runOnlyForDeploymentPostprocessing = 0;
		};
/* End PBXResourcesBuildPhase section */

/* Begin PBXSourcesBuildPhase section */
		16A648FB23B34EFE0082CCB2 /* Sources */ = {
			isa = PBXSourcesBuildPhase;
			buildActionMask = 2147483647;
			files = (
				16A6490723B34EFE0082CCB2 /* ViewController.swift in Sources */,
				16A6490323B34EFE0082CCB2 /* AppDelegate.swift in Sources */,
				16A6490523B34EFE0082CCB2 /* SceneDelegate.swift in Sources */,
			);
			runOnlyForDeploymentPostprocessing = 0;
		};
		16A6491123B34F000082CCB2 /* Sources */ = {
			isa = PBXSourcesBuildPhase;
			buildActionMask = 2147483647;
			files = (
				16A6491A23B34F000082CCB2 /* TestLibTests.swift in Sources */,
			);
			runOnlyForDeploymentPostprocessing = 0;
		};
/* End PBXSourcesBuildPhase section */

/* Begin PBXTargetDependency section */
		16A6491723B34F000082CCB2 /* PBXTargetDependency */ = {
			isa = PBXTargetDependency;
			target = 16A648FE23B34EFE0082CCB2 /* TestLib */;
			targetProxy = 16A6491623B34F000082CCB2 /* PBXContainerItemProxy */;
		};
/* End PBXTargetDependency section */

/* Begin PBXVariantGroup section */
		16A6490823B34EFE0082CCB2 /* Main.storyboard */ = {
			isa = PBXVariantGroup;
			children = (
				16A6490923B34EFE0082CCB2 /* Base */,
			);
			name = Main.storyboard;
			sourceTree = "<group>";
		};
		16A6490D23B34F000082CCB2 /* LaunchScreen.storyboard */ = {
			isa = PBXVariantGroup;
			children = (
				16A6490E23B34F000082CCB2 /* Base */,
			);
			name = LaunchScreen.storyboard;
			sourceTree = "<group>";
		};
/* End PBXVariantGroup section */

/* Begin XCBuildConfiguration section */
		16A6491C23B34F000082CCB2 /* Debug */ = {
			isa = XCBuildConfiguration;
			buildSettings = {
				ALWAYS_SEARCH_USER_PATHS = NO;
				CLANG_ANALYZER_NONNULL = YES;
				CLANG_ANALYZER_NUMBER_OBJECT_CONVERSION = YES_AGGRESSIVE;
				CLANG_CXX_LANGUAGE_STANDARD = "gnu++14";
				CLANG_CXX_LIBRARY = "libc++";
				CLANG_ENABLE_MODULES = YES;
				CLANG_ENABLE_OBJC_ARC = YES;
				CLANG_ENABLE_OBJC_WEAK = YES;
				CLANG_WARN_BLOCK_CAPTURE_AUTORELEASING = YES;
				CLANG_WARN_BOOL_CONVERSION = YES;
				CLANG_WARN_COMMA = YES;
				CLANG_WARN_CONSTANT_CONVERSION = YES;
				CLANG_WARN_DEPRECATED_OBJC_IMPLEMENTATIONS = YES;
				CLANG_WARN_DIRECT_OBJC_ISA_USAGE = YES_ERROR;
				CLANG_WARN_DOCUMENTATION_COMMENTS = YES;
				CLANG_WARN_EMPTY_BODY = YES;
				CLANG_WARN_ENUM_CONVERSION = YES;
				CLANG_WARN_INFINITE_RECURSION = YES;
				CLANG_WARN_INT_CONVERSION = YES;
				CLANG_WARN_NON_LITERAL_NULL_CONVERSION = YES;
				CLANG_WARN_OBJC_IMPLICIT_RETAIN_SELF = YES;
				CLANG_WARN_OBJC_LITERAL_CONVERSION = YES;
				CLANG_WARN_OBJC_ROOT_CLASS = YES_ERROR;
				CLANG_WARN_RANGE_LOOP_ANALYSIS = YES;
				CLANG_WARN_STRICT_PROTOTYPES = YES;
				CLANG_WARN_SUSPICIOUS_MOVE = YES;
				CLANG_WARN_UNGUARDED_AVAILABILITY = YES_AGGRESSIVE;
				CLANG_WARN_UNREACHABLE_CODE = YES;
				CLANG_WARN__DUPLICATE_METHOD_MATCH = YES;
				COPY_PHASE_STRIP = NO;
				DEBUG_INFORMATION_FORMAT = dwarf;
				ENABLE_STRICT_OBJC_MSGSEND = YES;
				ENABLE_TESTABILITY = YES;
				GCC_C_LANGUAGE_STANDARD = gnu11;
				GCC_DYNAMIC_NO_PIC = NO;
				GCC_NO_COMMON_BLOCKS = YES;
				GCC_OPTIMIZATION_LEVEL = 0;
				GCC_PREPROCESSOR_DEFINITIONS = (
					"DEBUG=1",
					"$(inherited)",
				);
				GCC_WARN_64_TO_32_BIT_CONVERSION = YES;
				GCC_WARN_ABOUT_RETURN_TYPE = YES_ERROR;
				GCC_WARN_UNDECLARED_SELECTOR = YES;
				GCC_WARN_UNINITIALIZED_AUTOS = YES_AGGRESSIVE;
				GCC_WARN_UNUSED_FUNCTION = YES;
				GCC_WARN_UNUSED_VARIABLE = YES;
				IPHONEOS_DEPLOYMENT_TARGET = 13.2;
				MTL_ENABLE_DEBUG_INFO = INCLUDE_SOURCE;
				MTL_FAST_MATH = YES;
				ONLY_ACTIVE_ARCH = YES;
				SDKROOT = iphoneos;
				SWIFT_ACTIVE_COMPILATION_CONDITIONS = DEBUG;
				SWIFT_OPTIMIZATION_LEVEL = "-Onone";
			};
			name = Debug;
		};
		16A6491D23B34F000082CCB2 /* Release */ = {
			isa = XCBuildConfiguration;
			buildSettings = {
				ALWAYS_SEARCH_USER_PATHS = NO;
				CLANG_ANALYZER_NONNULL = YES;
				CLANG_ANALYZER_NUMBER_OBJECT_CONVERSION = YES_AGGRESSIVE;
				CLANG_CXX_LANGUAGE_STANDARD = "gnu++14";
				CLANG_CXX_LIBRARY = "libc++";
				CLANG_ENABLE_MODULES = YES;
				CLANG_ENABLE_OBJC_ARC = YES;
				CLANG_ENABLE_OBJC_WEAK = YES;
				CLANG_WARN_BLOCK_CAPTURE_AUTORELEASING = YES;
				CLANG_WARN_BOOL_CONVERSION = YES;
				CLANG_WARN_COMMA = YES;
				CLANG_WARN_CONSTANT_CONVERSION = YES;
				CLANG_WARN_DEPRECATED_OBJC_IMPLEMENTATIONS = YES;
				CLANG_WARN_DIRECT_OBJC_ISA_USAGE = YES_ERROR;
				CLANG_WARN_DOCUMENTATION_COMMENTS = YES;
				CLANG_WARN_EMPTY_BODY = YES;
				CLANG_WARN_ENUM_CONVERSION = YES;
				CLANG_WARN_INFINITE_RECURSION = YES;
				CLANG_WARN_INT_CONVERSION = YES;
				CLANG_WARN_NON_LITERAL_NULL_CONVERSION = YES;
				CLANG_WARN_OBJC_IMPLICIT_RETAIN_SELF = YES;
				CLANG_WARN_OBJC_LITERAL_CONVERSION = YES;
				CLANG_WARN_OBJC_ROOT_CLASS = YES_ERROR;
				CLANG_WARN_RANGE_LOOP_ANALYSIS = YES;
				CLANG_WARN_STRICT_PROTOTYPES = YES;
				CLANG_WARN_SUSPICIOUS_MOVE = YES;
				CLANG_WARN_UNGUARDED_AVAILABILITY = YES_AGGRESSIVE;
				CLANG_WARN_UNREACHABLE_CODE = YES;
				CLANG_WARN__DUPLICATE_METHOD_MATCH = YES;
				COPY_PHASE_STRIP = NO;
				DEBUG_INFORMATION_FORMAT = "dwarf-with-dsym";
				ENABLE_NS_ASSERTIONS = NO;
				ENABLE_STRICT_OBJC_MSGSEND = YES;
				GCC_C_LANGUAGE_STANDARD = gnu11;
				GCC_NO_COMMON_BLOCKS = YES;
				GCC_WARN_64_TO_32_BIT_CONVERSION = YES;
				GCC_WARN_ABOUT_RETURN_TYPE = YES_ERROR;
				GCC_WARN_UNDECLARED_SELECTOR = YES;
				GCC_WARN_UNINITIALIZED_AUTOS = YES_AGGRESSIVE;
				GCC_WARN_UNUSED_FUNCTION = YES;
				GCC_WARN_UNUSED_VARIABLE = YES;
				IPHONEOS_DEPLOYMENT_TARGET = 13.2;
				MTL_ENABLE_DEBUG_INFO = NO;
				MTL_FAST_MATH = YES;
				SDKROOT = iphoneos;
				SWIFT_COMPILATION_MODE = wholemodule;
				SWIFT_OPTIMIZATION_LEVEL = "-O";
				VALIDATE_PRODUCT = YES;
			};
			name = Release;
		};
		16A6491F23B34F000082CCB2 /* Debug */ = {
			isa = XCBuildConfiguration;
			buildSettings = {
				ASSETCATALOG_COMPILER_APPICON_NAME = AppIcon;
				CODE_SIGN_STYLE = Automatic;
				INFOPLIST_FILE = TestLib/Info.plist;
				LD_RUNPATH_SEARCH_PATHS = (
					"$(inherited)",
					"@executable_path/Frameworks",
				);
				PRODUCT_BUNDLE_IDENTIFIER = com.github.ph9.TestLib;
				PRODUCT_NAME = "$(TARGET_NAME)";
				SWIFT_VERSION = 5.0;
				TARGETED_DEVICE_FAMILY = "1,2";
			};
			name = Debug;
		};
		16A6492023B34F000082CCB2 /* Release */ = {
			isa = XCBuildConfiguration;
			buildSettings = {
				ASSETCATALOG_COMPILER_APPICON_NAME = AppIcon;
				CODE_SIGN_STYLE = Automatic;
				INFOPLIST_FILE = TestLib/Info.plist;
				LD_RUNPATH_SEARCH_PATHS = (
					"$(inherited)",
					"@executable_path/Frameworks",
				);
				PRODUCT_BUNDLE_IDENTIFIER = com.github.ph9.TestLib;
				PRODUCT_NAME = "$(TARGET_NAME)";
				SWIFT_VERSION = 5.0;
				TARGETED_DEVICE_FAMILY = "1,2";
			};
			name = Release;
		};
		16A6492223B34F000082CCB2 /* Debug */ = {
			isa = XCBuildConfiguration;
			buildSettings = {
				ALWAYS_EMBED_SWIFT_STANDARD_LIBRARIES = YES;
				BUNDLE_LOADER = "$(TEST_HOST)";
				CODE_SIGN_STYLE = Automatic;
				INFOPLIST_FILE = TestLibTests/Info.plist;
				IPHONEOS_DEPLOYMENT_TARGET = 13.2;
				LD_RUNPATH_SEARCH_PATHS = (
					"$(inherited)",
					"@executable_path/Frameworks",
					"@loader_path/Frameworks",
				);
				PRODUCT_BUNDLE_IDENTIFIER = com.github.ph9.TestLibTests;
				PRODUCT_NAME = "$(TARGET_NAME)";
				SWIFT_VERSION = 5.0;
				TARGETED_DEVICE_FAMILY = "1,2";
				TEST_HOST = "$(BUILT_PRODUCTS_DIR)/TestLib.app/TestLib";
			};
			name = Debug;
		};
		16A6492323B34F000082CCB2 /* Release */ = {
			isa = XCBuildConfiguration;
			buildSettings = {
				ALWAYS_EMBED_SWIFT_STANDARD_LIBRARIES = YES;
				BUNDLE_LOADER = "$(TEST_HOST)";
				CODE_SIGN_STYLE = Automatic;
				INFOPLIST_FILE = TestLibTests/Info.plist;
				IPHONEOS_DEPLOYMENT_TARGET = 13.2;
				LD_RUNPATH_SEARCH_PATHS = (
					"$(inherited)",
					"@executable_path/Frameworks",
					"@loader_path/Frameworks",
				);
				PRODUCT_BUNDLE_IDENTIFIER = com.github.ph9.TestLibTests;
				PRODUCT_NAME = "$(TARGET_NAME)";
				SWIFT_VERSION = 5.0;
				TARGETED_DEVICE_FAMILY = "1,2";
				TEST_HOST = "$(BUILT_PRODUCTS_DIR)/TestLib.app/TestLib";
			};
			name = Release;
		};
/* End XCBuildConfiguration section */

/* Begin XCConfigurationList section */
		16A648FA23B34EFE0082CCB2 /* Build configuration list for PBXProject "TestLib" */ = {
			isa = XCConfigurationList;
			buildConfigurations = (
				16A6491C23B34F000082CCB2 /* Debug */,
				16A6491D23B34F000082CCB2 /* Release */,
			);
			defaultConfigurationIsVisible = 0;
			defaultConfigurationName = Release;
		};
		16A6491E23B34F000082CCB2 /* Build configuration list for PBXNativeTarget "TestLib" */ = {
			isa = XCConfigurationList;
			buildConfigurations = (
				16A6491F23B34F000082CCB2 /* Debug */,
				16A6492023B34F000082CCB2 /* Release */,
			);
			defaultConfigurationIsVisible = 0;
			defaultConfigurationName = Release;
		};
		16A6492123B34F000082CCB2 /* Build configuration list for PBXNativeTarget "TestLibTests" */ = {
			isa = XCConfigurationList;
			buildConfigurations = (
				16A6492223B34F000082CCB2 /* Debug */,
				16A6492323B34F000082CCB2 /* Release */,
			);
			defaultConfigurationIsVisible = 0;
			defaultConfigurationName = Release;
		};
/* End XCConfigurationList section */
	};
	rootObject = 16A648F723B34EFE0082CCB2 /* Project object */;
}
