// !$*UTF8*$!
{
	archiveVersion = 1;
	classes = {
	};
	objectVersion = 50;
	objects = {

/* Begin PBXBuildFile section */
		16518E9623B365FB000CEE63 /* TestLibCore.framework in Frameworks */ = {isa = PBXBuildFile; fileRef = 16518E8D23B365FB000CEE63 /* TestLibCore.framework */; };
		16518E9F23B365FB000CEE63 /* TestLibCore.h in Headers */ = {isa = PBXBuildFile; fileRef = 16518E8F23B365FB000CEE63 /* TestLibCore.h */; settings = {ATTRIBUTES = (Public, ); }; };
		16518EA223B365FB000CEE63 /* TestLibCore.framework in Frameworks */ = {isa = PBXBuildFile; fileRef = 16518E8D23B365FB000CEE63 /* TestLibCore.framework */; };
		16518EA323B365FB000CEE63 /* TestLibCore.framework in Embed Frameworks */ = {isa = PBXBuildFile; fileRef = 16518E8D23B365FB000CEE63 /* TestLibCore.framework */; settings = {ATTRIBUTES = (CodeSignOnCopy, RemoveHeadersOnCopy, ); }; };
		16518EB423B36611000CEE63 /* TestLibTest.h in Headers */ = {isa = PBXBuildFile; fileRef = 16518EB223B36611000CEE63 /* TestLibTest.h */; settings = {ATTRIBUTES = (Public, ); }; };
		16518EB723B36611000CEE63 /* TestLibTest.framework in Frameworks */ = {isa = PBXBuildFile; fileRef = 16518EB023B36611000CEE63 /* TestLibTest.framework */; };
		16518EB823B36611000CEE63 /* TestLibTest.framework in Embed Frameworks */ = {isa = PBXBuildFile; fileRef = 16518EB023B36611000CEE63 /* TestLibTest.framework */; settings = {ATTRIBUTES = (CodeSignOnCopy, RemoveHeadersOnCopy, ); }; };
		16518EBD23B36687000CEE63 /* Tracker.swift in Sources */ = {isa = PBXBuildFile; fileRef = 16518EBC23B36687000CEE63 /* Tracker.swift */; };
		16518EBF23B3671D000CEE63 /* TrackerTests.swift in Sources */ = {isa = PBXBuildFile; fileRef = 16518E9C23B365FB000CEE63 /* TrackerTests.swift */; };
		16518EC123B36C26000CEE63 /* UIViewController+instantiate.swift in Sources */ = {isa = PBXBuildFile; fileRef = 16518EC023B36C26000CEE63 /* UIViewController+instantiate.swift */; };
		16518EC423B36CF2000CEE63 /* UIViewController+instantiateTests.swift in Sources */ = {isa = PBXBuildFile; fileRef = 16518EC223B36C53000CEE63 /* UIViewController+instantiateTests.swift */; };
		16518EC823B3715F000CEE63 /* UIViewController+identifier.swift in Sources */ = {isa = PBXBuildFile; fileRef = 16518EC723B3715F000CEE63 /* UIViewController+identifier.swift */; };
		16518ECA23B37181000CEE63 /* UIViewController+identifierTests.swift in Sources */ = {isa = PBXBuildFile; fileRef = 16518EC923B37181000CEE63 /* UIViewController+identifierTests.swift */; };
		16A6490323B34EFE0082CCB2 /* AppDelegate.swift in Sources */ = {isa = PBXBuildFile; fileRef = 16A6490223B34EFE0082CCB2 /* AppDelegate.swift */; };
		16A6490523B34EFE0082CCB2 /* SceneDelegate.swift in Sources */ = {isa = PBXBuildFile; fileRef = 16A6490423B34EFE0082CCB2 /* SceneDelegate.swift */; };
		16A6490723B34EFE0082CCB2 /* ViewController.swift in Sources */ = {isa = PBXBuildFile; fileRef = 16A6490623B34EFE0082CCB2 /* ViewController.swift */; };
		16A6490A23B34EFE0082CCB2 /* Main.storyboard in Resources */ = {isa = PBXBuildFile; fileRef = 16A6490823B34EFE0082CCB2 /* Main.storyboard */; };
		16A6490C23B34F000082CCB2 /* Assets.xcassets in Resources */ = {isa = PBXBuildFile; fileRef = 16A6490B23B34F000082CCB2 /* Assets.xcassets */; };
		16A6490F23B34F000082CCB2 /* LaunchScreen.storyboard in Resources */ = {isa = PBXBuildFile; fileRef = 16A6490D23B34F000082CCB2 /* LaunchScreen.storyboard */; };
		16A6491A23B34F000082CCB2 /* ViewControllerTests.swift in Sources */ = {isa = PBXBuildFile; fileRef = 16A6491923B34F000082CCB2 /* ViewControllerTests.swift */; };
/* End PBXBuildFile section */

/* Begin PBXContainerItemProxy section */
		16518E9723B365FB000CEE63 /* PBXContainerItemProxy */ = {
			isa = PBXContainerItemProxy;
			containerPortal = 16A648F723B34EFE0082CCB2 /* Project object */;
			proxyType = 1;
			remoteGlobalIDString = 16518E8C23B365FB000CEE63;
			remoteInfo = TestLibCore;
		};
		16518E9923B365FB000CEE63 /* PBXContainerItemProxy */ = {
			isa = PBXContainerItemProxy;
			containerPortal = 16A648F723B34EFE0082CCB2 /* Project object */;
			proxyType = 1;
			remoteGlobalIDString = 16A648FE23B34EFE0082CCB2;
			remoteInfo = TestLib;
		};
		16518EA023B365FB000CEE63 /* PBXContainerItemProxy */ = {
			isa = PBXContainerItemProxy;
			containerPortal = 16A648F723B34EFE0082CCB2 /* Project object */;
			proxyType = 1;
			remoteGlobalIDString = 16518E8C23B365FB000CEE63;
			remoteInfo = TestLibCore;
		};
		16518EB523B36611000CEE63 /* PBXContainerItemProxy */ = {
			isa = PBXContainerItemProxy;
			containerPortal = 16A648F723B34EFE0082CCB2 /* Project object */;
			proxyType = 1;
			remoteGlobalIDString = 16518EAF23B36611000CEE63;
			remoteInfo = TestLibTest;
		};
		16A6491623B34F000082CCB2 /* PBXContainerItemProxy */ = {
			isa = PBXContainerItemProxy;
			containerPortal = 16A648F723B34EFE0082CCB2 /* Project object */;
			proxyType = 1;
			remoteGlobalIDString = 16A648FE23B34EFE0082CCB2;
			remoteInfo = TestLib;
		};
/* End PBXContainerItemProxy section */

/* Begin PBXCopyFilesBuildPhase section */
		16518EA423B365FB000CEE63 /* Embed Frameworks */ = {
			isa = PBXCopyFilesBuildPhase;
			buildActionMask = 2147483647;
			dstPath = "";
			dstSubfolderSpec = 10;
			files = (
				16518EB823B36611000CEE63 /* TestLibTest.framework in Embed Frameworks */,
				16518EA323B365FB000CEE63 /* TestLibCore.framework in Embed Frameworks */,
			);
			name = "Embed Frameworks";
			runOnlyForDeploymentPostprocessing = 0;
		};
/* End PBXCopyFilesBuildPhase section */

/* Begin PBXFileReference section */
		16518E8D23B365FB000CEE63 /* TestLibCore.framework */ = {isa = PBXFileReference; explicitFileType = wrapper.framework; includeInIndex = 0; path = TestLibCore.framework; sourceTree = BUILT_PRODUCTS_DIR; };
		16518E8F23B365FB000CEE63 /* TestLibCore.h */ = {isa = PBXFileReference; lastKnownFileType = sourcecode.c.h; path = TestLibCore.h; sourceTree = "<group>"; };
		16518E9023B365FB000CEE63 /* Info.plist */ = {isa = PBXFileReference; lastKnownFileType = text.plist.xml; path = Info.plist; sourceTree = "<group>"; };
		16518E9523B365FB000CEE63 /* TestLibCoreTests.xctest */ = {isa = PBXFileReference; explicitFileType = wrapper.cfbundle; includeInIndex = 0; path = TestLibCoreTests.xctest; sourceTree = BUILT_PRODUCTS_DIR; };
		16518E9C23B365FB000CEE63 /* TrackerTests.swift */ = {isa = PBXFileReference; lastKnownFileType = sourcecode.swift; path = TrackerTests.swift; sourceTree = "<group>"; };
		16518E9E23B365FB000CEE63 /* TestsInfo.plist */ = {isa = PBXFileReference; lastKnownFileType = text.plist.xml; path = TestsInfo.plist; sourceTree = "<group>"; };
		16518EB023B36611000CEE63 /* TestLibTest.framework */ = {isa = PBXFileReference; explicitFileType = wrapper.framework; includeInIndex = 0; path = TestLibTest.framework; sourceTree = BUILT_PRODUCTS_DIR; };
		16518EB223B36611000CEE63 /* TestLibTest.h */ = {isa = PBXFileReference; lastKnownFileType = sourcecode.c.h; path = TestLibTest.h; sourceTree = "<group>"; };
		16518EB323B36611000CEE63 /* Info.plist */ = {isa = PBXFileReference; lastKnownFileType = text.plist.xml; path = Info.plist; sourceTree = "<group>"; };
		16518EBC23B36687000CEE63 /* Tracker.swift */ = {isa = PBXFileReference; lastKnownFileType = sourcecode.swift; path = Tracker.swift; sourceTree = "<group>"; };
		16518EC023B36C26000CEE63 /* UIViewController+instantiate.swift */ = {isa = PBXFileReference; lastKnownFileType = sourcecode.swift; path = "UIViewController+instantiate.swift"; sourceTree = "<group>"; };
		16518EC223B36C53000CEE63 /* UIViewController+instantiateTests.swift */ = {isa = PBXFileReference; lastKnownFileType = sourcecode.swift; path = "UIViewController+instantiateTests.swift"; sourceTree = "<group>"; };
		16518EC723B3715F000CEE63 /* UIViewController+identifier.swift */ = {isa = PBXFileReference; lastKnownFileType = sourcecode.swift; path = "UIViewController+identifier.swift"; sourceTree = "<group>"; };
		16518EC923B37181000CEE63 /* UIViewController+identifierTests.swift */ = {isa = PBXFileReference; lastKnownFileType = sourcecode.swift; path = "UIViewController+identifierTests.swift"; sourceTree = "<group>"; };
		16A648FF23B34EFE0082CCB2 /* TestLib.app */ = {isa = PBXFileReference; explicitFileType = wrapper.application; includeInIndex = 0; path = TestLib.app; sourceTree = BUILT_PRODUCTS_DIR; };
		16A6490223B34EFE0082CCB2 /* AppDelegate.swift */ = {isa = PBXFileReference; lastKnownFileType = sourcecode.swift; path = AppDelegate.swift; sourceTree = "<group>"; };
		16A6490423B34EFE0082CCB2 /* SceneDelegate.swift */ = {isa = PBXFileReference; lastKnownFileType = sourcecode.swift; path = SceneDelegate.swift; sourceTree = "<group>"; };
		16A6490623B34EFE0082CCB2 /* ViewController.swift */ = {isa = PBXFileReference; lastKnownFileType = sourcecode.swift; path = ViewController.swift; sourceTree = "<group>"; };
		16A6490923B34EFE0082CCB2 /* Base */ = {isa = PBXFileReference; lastKnownFileType = file.storyboard; name = Base; path = Base.lproj/Main.storyboard; sourceTree = "<group>"; };
		16A6490B23B34F000082CCB2 /* Assets.xcassets */ = {isa = PBXFileReference; lastKnownFileType = folder.assetcatalog; path = Assets.xcassets; sourceTree = "<group>"; };
		16A6490E23B34F000082CCB2 /* Base */ = {isa = PBXFileReference; lastKnownFileType = file.storyboard; name = Base; path = Base.lproj/LaunchScreen.storyboard; sourceTree = "<group>"; };
		16A6491023B34F000082CCB2 /* Info.plist */ = {isa = PBXFileReference; lastKnownFileType = text.plist.xml; path = Info.plist; sourceTree = "<group>"; };
		16A6491523B34F000082CCB2 /* TestLibTests.xctest */ = {isa = PBXFileReference; explicitFileType = wrapper.cfbundle; includeInIndex = 0; path = TestLibTests.xctest; sourceTree = BUILT_PRODUCTS_DIR; };
		16A6491923B34F000082CCB2 /* ViewControllerTests.swift */ = {isa = PBXFileReference; lastKnownFileType = sourcecode.swift; path = ViewControllerTests.swift; sourceTree = "<group>"; };
		16A6491B23B34F000082CCB2 /* Info.plist */ = {isa = PBXFileReference; lastKnownFileType = text.plist.xml; path = Info.plist; sourceTree = "<group>"; };
/* End PBXFileReference section */

/* Begin PBXFrameworksBuildPhase section */
		16518E8A23B365FB000CEE63 /* Frameworks */ = {
			isa = PBXFrameworksBuildPhase;
			buildActionMask = 2147483647;
			files = (
			);
			runOnlyForDeploymentPostprocessing = 0;
		};
		16518E9223B365FB000CEE63 /* Frameworks */ = {
			isa = PBXFrameworksBuildPhase;
			buildActionMask = 2147483647;
			files = (
				16518E9623B365FB000CEE63 /* TestLibCore.framework in Frameworks */,
			);
			runOnlyForDeploymentPostprocessing = 0;
		};
		16518EAD23B36611000CEE63 /* Frameworks */ = {
			isa = PBXFrameworksBuildPhase;
			buildActionMask = 2147483647;
			files = (
			);
			runOnlyForDeploymentPostprocessing = 0;
		};
		16A648FC23B34EFE0082CCB2 /* Frameworks */ = {
			isa = PBXFrameworksBuildPhase;
			buildActionMask = 2147483647;
			files = (
				16518EB723B36611000CEE63 /* TestLibTest.framework in Frameworks */,
				16518EA223B365FB000CEE63 /* TestLibCore.framework in Frameworks */,
			);
			runOnlyForDeploymentPostprocessing = 0;
		};
		16A6491223B34F000082CCB2 /* Frameworks */ = {
			isa = PBXFrameworksBuildPhase;
			buildActionMask = 2147483647;
			files = (
			);
			runOnlyForDeploymentPostprocessing = 0;
		};
/* End PBXFrameworksBuildPhase section */

/* Begin PBXGroup section */
		16518E8E23B365FB000CEE63 /* TestLibCore */ = {
			isa = PBXGroup;
			children = (
				16518E8F23B365FB000CEE63 /* TestLibCore.h */,
				16518E9023B365FB000CEE63 /* Info.plist */,
				16518E9E23B365FB000CEE63 /* TestsInfo.plist */,
				16518EBC23B36687000CEE63 /* Tracker.swift */,
				16518E9C23B365FB000CEE63 /* TrackerTests.swift */,
				16518EC723B3715F000CEE63 /* UIViewController+identifier.swift */,
				16518EC923B37181000CEE63 /* UIViewController+identifierTests.swift */,
				16518EC023B36C26000CEE63 /* UIViewController+instantiate.swift */,
				16518EC223B36C53000CEE63 /* UIViewController+instantiateTests.swift */,
			);
			path = TestLibCore;
			sourceTree = "<group>";
		};
		16518EB123B36611000CEE63 /* TestLibTest */ = {
			isa = PBXGroup;
			children = (
				16518EB223B36611000CEE63 /* TestLibTest.h */,
				16518EB323B36611000CEE63 /* Info.plist */,
			);
			path = TestLibTest;
			sourceTree = "<group>";
		};
		16A648F623B34EFE0082CCB2 = {
			isa = PBXGroup;
			children = (
				16A6490123B34EFE0082CCB2 /* TestLib */,
				16A6491823B34F000082CCB2 /* TestLibTests */,
				16518E8E23B365FB000CEE63 /* TestLibCore */,
				16518EB123B36611000CEE63 /* TestLibTest */,
				16A6490023B34EFE0082CCB2 /* Products */,
			);
			sourceTree = "<group>";
		};
		16A6490023B34EFE0082CCB2 /* Products */ = {
			isa = PBXGroup;
			children = (
				16A648FF23B34EFE0082CCB2 /* TestLib.app */,
				16A6491523B34F000082CCB2 /* TestLibTests.xctest */,
				16518E8D23B365FB000CEE63 /* TestLibCore.framework */,
				16518E9523B365FB000CEE63 /* TestLibCoreTests.xctest */,
				16518EB023B36611000CEE63 /* TestLibTest.framework */,
			);
			name = Products;
			sourceTree = "<group>";
		};
		16A6490123B34EFE0082CCB2 /* TestLib */ = {
			isa = PBXGroup;
			children = (
				16A6490223B34EFE0082CCB2 /* AppDelegate.swift */,
				16A6490423B34EFE0082CCB2 /* SceneDelegate.swift */,
				16A6490623B34EFE0082CCB2 /* ViewController.swift */,
				16A6490823B34EFE0082CCB2 /* Main.storyboard */,
				16A6490B23B34F000082CCB2 /* Assets.xcassets */,
				16A6490D23B34F000082CCB2 /* LaunchScreen.storyboard */,
				16A6491023B34F000082CCB2 /* Info.plist */,
			);
			path = TestLib;
			sourceTree = "<group>";
		};
		16A6491823B34F000082CCB2 /* TestLibTests */ = {
			isa = PBXGroup;
			children = (
				16A6491923B34F000082CCB2 /* ViewControllerTests.swift */,
				16A6491B23B34F000082CCB2 /* Info.plist */,
			);
			path = TestLibTests;
			sourceTree = "<group>";
		};
/* End PBXGroup section */

/* Begin PBXHeadersBuildPhase section */
		16518E8823B365FB000CEE63 /* Headers */ = {
			isa = PBXHeadersBuildPhase;
			buildActionMask = 2147483647;
			files = (
				16518E9F23B365FB000CEE63 /* TestLibCore.h in Headers */,
			);
			runOnlyForDeploymentPostprocessing = 0;
		};
		16518EAB23B36611000CEE63 /* Headers */ = {
			isa = PBXHeadersBuildPhase;
			buildActionMask = 2147483647;
			files = (
				16518EB423B36611000CEE63 /* TestLibTest.h in Headers */,
			);
			runOnlyForDeploymentPostprocessing = 0;
		};
/* End PBXHeadersBuildPhase section */

/* Begin PBXNativeTarget section */
		16518E8C23B365FB000CEE63 /* TestLibCore */ = {
			isa = PBXNativeTarget;
			buildConfigurationList = 16518EA923B365FB000CEE63 /* Build configuration list for PBXNativeTarget "TestLibCore" */;
			buildPhases = (
				16518E8823B365FB000CEE63 /* Headers */,
				16518E8923B365FB000CEE63 /* Sources */,
				16518E8A23B365FB000CEE63 /* Frameworks */,
				16518E8B23B365FB000CEE63 /* Resources */,
			);
			buildRules = (
			);
			dependencies = (
			);
			name = TestLibCore;
			productName = TestLibCore;
			productReference = 16518E8D23B365FB000CEE63 /* TestLibCore.framework */;
			productType = "com.apple.product-type.framework";
		};
		16518E9423B365FB000CEE63 /* TestLibCoreTests */ = {
			isa = PBXNativeTarget;
			buildConfigurationList = 16518EAA23B365FB000CEE63 /* Build configuration list for PBXNativeTarget "TestLibCoreTests" */;
			buildPhases = (
				16518E9123B365FB000CEE63 /* Sources */,
				16518E9223B365FB000CEE63 /* Frameworks */,
				16518E9323B365FB000CEE63 /* Resources */,
			);
			buildRules = (
			);
			dependencies = (
				16518E9823B365FB000CEE63 /* PBXTargetDependency */,
				16518E9A23B365FB000CEE63 /* PBXTargetDependency */,
			);
			name = TestLibCoreTests;
			productName = TestLibCoreTests;
			productReference = 16518E9523B365FB000CEE63 /* TestLibCoreTests.xctest */;
			productType = "com.apple.product-type.bundle.unit-test";
		};
		16518EAF23B36611000CEE63 /* TestLibTest */ = {
			isa = PBXNativeTarget;
			buildConfigurationList = 16518EB923B36611000CEE63 /* Build configuration list for PBXNativeTarget "TestLibTest" */;
			buildPhases = (
				16518EAB23B36611000CEE63 /* Headers */,
				16518EAC23B36611000CEE63 /* Sources */,
				16518EAD23B36611000CEE63 /* Frameworks */,
				16518EAE23B36611000CEE63 /* Resources */,
			);
			buildRules = (
			);
			dependencies = (
			);
			name = TestLibTest;
			productName = TestLibTest;
			productReference = 16518EB023B36611000CEE63 /* TestLibTest.framework */;
			productType = "com.apple.product-type.framework";
		};
		16A648FE23B34EFE0082CCB2 /* TestLib */ = {
			isa = PBXNativeTarget;
			buildConfigurationList = 16A6491E23B34F000082CCB2 /* Build configuration list for PBXNativeTarget "TestLib" */;
			buildPhases = (
				16A648FB23B34EFE0082CCB2 /* Sources */,
				16A648FC23B34EFE0082CCB2 /* Frameworks */,
				16A648FD23B34EFE0082CCB2 /* Resources */,
				16518EA423B365FB000CEE63 /* Embed Frameworks */,
			);
			buildRules = (
			);
			dependencies = (
				16518EA123B365FB000CEE63 /* PBXTargetDependency */,
				16518EB623B36611000CEE63 /* PBXTargetDependency */,
			);
			name = TestLib;
			productName = TestLib;
			productReference = 16A648FF23B34EFE0082CCB2 /* TestLib.app */;
			productType = "com.apple.product-type.application";
		};
		16A6491423B34F000082CCB2 /* TestLibTests */ = {
			isa = PBXNativeTarget;
			buildConfigurationList = 16A6492123B34F000082CCB2 /* Build configuration list for PBXNativeTarget "TestLibTests" */;
			buildPhases = (
				16A6491123B34F000082CCB2 /* Sources */,
				16A6491223B34F000082CCB2 /* Frameworks */,
				16A6491323B34F000082CCB2 /* Resources */,
			);
			buildRules = (
			);
			dependencies = (
				16A6491723B34F000082CCB2 /* PBXTargetDependency */,
			);
			name = TestLibTests;
			productName = TestLibTests;
			productReference = 16A6491523B34F000082CCB2 /* TestLibTests.xctest */;
			productType = "com.apple.product-type.bundle.unit-test";
		};
/* End PBXNativeTarget section */

/* Begin PBXProject section */
		16A648F723B34EFE0082CCB2 /* Project object */ = {
			isa = PBXProject;
			attributes = {
				LastSwiftUpdateCheck = 1130;
				LastUpgradeCheck = 1130;
				ORGANIZATIONNAME = "Ayudhya Capital Auto Lease Plc.";
				TargetAttributes = {
					16518E8C23B365FB000CEE63 = {
						CreatedOnToolsVersion = 11.3;
						LastSwiftMigration = 1130;
					};
					16518E9423B365FB000CEE63 = {
						CreatedOnToolsVersion = 11.3;
						TestTargetID = 16A648FE23B34EFE0082CCB2;
					};
					16518EAF23B36611000CEE63 = {
						CreatedOnToolsVersion = 11.3;
					};
					16A648FE23B34EFE0082CCB2 = {
						CreatedOnToolsVersion = 11.3;
					};
					16A6491423B34F000082CCB2 = {
						CreatedOnToolsVersion = 11.3;
						TestTargetID = 16A648FE23B34EFE0082CCB2;
					};
				};
			};
			buildConfigurationList = 16A648FA23B34EFE0082CCB2 /* Build configuration list for PBXProject "TestLib" */;
			compatibilityVersion = "Xcode 9.3";
			developmentRegion = en;
			hasScannedForEncodings = 0;
			knownRegions = (
				en,
				Base,
			);
			mainGroup = 16A648F623B34EFE0082CCB2;
			productRefGroup = 16A6490023B34EFE0082CCB2 /* Products */;
			projectDirPath = "";
			projectRoot = "";
			targets = (
				16A648FE23B34EFE0082CCB2 /* TestLib */,
				16A6491423B34F000082CCB2 /* TestLibTests */,
				16518E8C23B365FB000CEE63 /* TestLibCore */,
				16518E9423B365FB000CEE63 /* TestLibCoreTests */,
				16518EAF23B36611000CEE63 /* TestLibTest */,
			);
		};
/* End PBXProject section */

/* Begin PBXResourcesBuildPhase section */
		16518E8B23B365FB000CEE63 /* Resources */ = {
			isa = PBXResourcesBuildPhase;
			buildActionMask = 2147483647;
			files = (
			);
			runOnlyForDeploymentPostprocessing = 0;
		};
		16518E9323B365FB000CEE63 /* Resources */ = {
			isa = PBXResourcesBuildPhase;
			buildActionMask = 2147483647;
			files = (
			);
			runOnlyForDeploymentPostprocessing = 0;
		};
		16518EAE23B36611000CEE63 /* Resources */ = {
			isa = PBXResourcesBuildPhase;
			buildActionMask = 2147483647;
			files = (
			);
			runOnlyForDeploymentPostprocessing = 0;
		};
		16A648FD23B34EFE0082CCB2 /* Resources */ = {
			isa = PBXResourcesBuildPhase;
			buildActionMask = 2147483647;
			files = (
				16A6490F23B34F000082CCB2 /* LaunchScreen.storyboard in Resources */,
				16A6490C23B34F000082CCB2 /* Assets.xcassets in Resources */,
				16A6490A23B34EFE0082CCB2 /* Main.storyboard in Resources */,
			);
			runOnlyForDeploymentPostprocessing = 0;
		};
		16A6491323B34F000082CCB2 /* Resources */ = {
			isa = PBXResourcesBuildPhase;
			buildActionMask = 2147483647;
			files = (
			);
			runOnlyForDeploymentPostprocessing = 0;
		};
/* End PBXResourcesBuildPhase section */

/* Begin PBXSourcesBuildPhase section */
		16518E8923B365FB000CEE63 /* Sources */ = {
			isa = PBXSourcesBuildPhase;
			buildActionMask = 2147483647;
			files = (
				16518EBD23B36687000CEE63 /* Tracker.swift in Sources */,
				16518EC823B3715F000CEE63 /* UIViewController+identifier.swift in Sources */,
				16518EC123B36C26000CEE63 /* UIViewController+instantiate.swift in Sources */,
			);
			runOnlyForDeploymentPostprocessing = 0;
		};
		16518E9123B365FB000CEE63 /* Sources */ = {
			isa = PBXSourcesBuildPhase;
			buildActionMask = 2147483647;
			files = (
				16518EBF23B3671D000CEE63 /* TrackerTests.swift in Sources */,
				16518EC423B36CF2000CEE63 /* UIViewController+instantiateTests.swift in Sources */,
			);
			runOnlyForDeploymentPostprocessing = 0;
		};
		16518EAC23B36611000CEE63 /* Sources */ = {
			isa = PBXSourcesBuildPhase;
			buildActionMask = 2147483647;
			files = (
			);
			runOnlyForDeploymentPostprocessing = 0;
		};
		16A648FB23B34EFE0082CCB2 /* Sources */ = {
			isa = PBXSourcesBuildPhase;
			buildActionMask = 2147483647;
			files = (
				16A6490723B34EFE0082CCB2 /* ViewController.swift in Sources */,
				16A6490323B34EFE0082CCB2 /* AppDelegate.swift in Sources */,
				16A6490523B34EFE0082CCB2 /* SceneDelegate.swift in Sources */,
			);
			runOnlyForDeploymentPostprocessing = 0;
		};
		16A6491123B34F000082CCB2 /* Sources */ = {
			isa = PBXSourcesBuildPhase;
			buildActionMask = 2147483647;
			files = (
				16A6491A23B34F000082CCB2 /* ViewControllerTests.swift in Sources */,
				16518ECA23B37181000CEE63 /* UIViewController+identifierTests.swift in Sources */,
			);
			runOnlyForDeploymentPostprocessing = 0;
		};
/* End PBXSourcesBuildPhase section */

/* Begin PBXTargetDependency section */
		16518E9823B365FB000CEE63 /* PBXTargetDependency */ = {
			isa = PBXTargetDependency;
			target = 16518E8C23B365FB000CEE63 /* TestLibCore */;
			targetProxy = 16518E9723B365FB000CEE63 /* PBXContainerItemProxy */;
		};
		16518E9A23B365FB000CEE63 /* PBXTargetDependency */ = {
			isa = PBXTargetDependency;
			target = 16A648FE23B34EFE0082CCB2 /* TestLib */;
			targetProxy = 16518E9923B365FB000CEE63 /* PBXContainerItemProxy */;
		};
		16518EA123B365FB000CEE63 /* PBXTargetDependency */ = {
			isa = PBXTargetDependency;
			target = 16518E8C23B365FB000CEE63 /* TestLibCore */;
			targetProxy = 16518EA023B365FB000CEE63 /* PBXContainerItemProxy */;
		};
		16518EB623B36611000CEE63 /* PBXTargetDependency */ = {
			isa = PBXTargetDependency;
			target = 16518EAF23B36611000CEE63 /* TestLibTest */;
			targetProxy = 16518EB523B36611000CEE63 /* PBXContainerItemProxy */;
		};
		16A6491723B34F000082CCB2 /* PBXTargetDependency */ = {
			isa = PBXTargetDependency;
			target = 16A648FE23B34EFE0082CCB2 /* TestLib */;
			targetProxy = 16A6491623B34F000082CCB2 /* PBXContainerItemProxy */;
		};
/* End PBXTargetDependency section */

/* Begin PBXVariantGroup section */
		16A6490823B34EFE0082CCB2 /* Main.storyboard */ = {
			isa = PBXVariantGroup;
			children = (
				16A6490923B34EFE0082CCB2 /* Base */,
			);
			name = Main.storyboard;
			sourceTree = "<group>";
		};
		16A6490D23B34F000082CCB2 /* LaunchScreen.storyboard */ = {
			isa = PBXVariantGroup;
			children = (
				16A6490E23B34F000082CCB2 /* Base */,
			);
			name = LaunchScreen.storyboard;
			sourceTree = "<group>";
		};
/* End PBXVariantGroup section */

/* Begin XCBuildConfiguration section */
		16518EA523B365FB000CEE63 /* Debug */ = {
			isa = XCBuildConfiguration;
			buildSettings = {
				CLANG_ENABLE_MODULES = YES;
				CODE_SIGN_STYLE = Automatic;
				CURRENT_PROJECT_VERSION = 1;
				DEFINES_MODULE = YES;
				DYLIB_COMPATIBILITY_VERSION = 1;
				DYLIB_CURRENT_VERSION = 1;
				DYLIB_INSTALL_NAME_BASE = "@rpath";
				INFOPLIST_FILE = TestLibCore/Info.plist;
				INSTALL_PATH = "$(LOCAL_LIBRARY_DIR)/Frameworks";
				LD_RUNPATH_SEARCH_PATHS = (
					"$(inherited)",
					"@executable_path/Frameworks",
					"@loader_path/Frameworks",
				);
				PRODUCT_BUNDLE_IDENTIFIER = com.github.ph9.TestLibCore;
				PRODUCT_NAME = "$(TARGET_NAME:c99extidentifier)";
				SKIP_INSTALL = YES;
				SWIFT_OPTIMIZATION_LEVEL = "-Onone";
				SWIFT_VERSION = 5.0;
				TARGETED_DEVICE_FAMILY = "1,2";
				VERSIONING_SYSTEM = "apple-generic";
				VERSION_INFO_PREFIX = "";
			};
			name = Debug;
		};
		16518EA623B365FB000CEE63 /* Release */ = {
			isa = XCBuildConfiguration;
			buildSettings = {
				CLANG_ENABLE_MODULES = YES;
				CODE_SIGN_STYLE = Automatic;
				CURRENT_PROJECT_VERSION = 1;
				DEFINES_MODULE = YES;
				DYLIB_COMPATIBILITY_VERSION = 1;
				DYLIB_CURRENT_VERSION = 1;
				DYLIB_INSTALL_NAME_BASE = "@rpath";
				INFOPLIST_FILE = TestLibCore/Info.plist;
				INSTALL_PATH = "$(LOCAL_LIBRARY_DIR)/Frameworks";
				LD_RUNPATH_SEARCH_PATHS = (
					"$(inherited)",
					"@executable_path/Frameworks",
					"@loader_path/Frameworks",
				);
				PRODUCT_BUNDLE_IDENTIFIER = com.github.ph9.TestLibCore;
				PRODUCT_NAME = "$(TARGET_NAME:c99extidentifier)";
				SKIP_INSTALL = YES;
				SWIFT_VERSION = 5.0;
				TARGETED_DEVICE_FAMILY = "1,2";
				VERSIONING_SYSTEM = "apple-generic";
				VERSION_INFO_PREFIX = "";
			};
			name = Release;
		};
		16518EA723B365FB000CEE63 /* Debug */ = {
			isa = XCBuildConfiguration;
			buildSettings = {
				ALWAYS_EMBED_SWIFT_STANDARD_LIBRARIES = YES;
				CODE_SIGN_STYLE = Automatic;
				INFOPLIST_FILE = TestLibCore/TestsInfo.plist;
				LD_RUNPATH_SEARCH_PATHS = (
					"$(inherited)",
					"@executable_path/Frameworks",
					"@loader_path/Frameworks",
				);
				PRODUCT_BUNDLE_IDENTIFIER = com.github.ph9.TestLibCoreTests;
				PRODUCT_NAME = "$(TARGET_NAME)";
				SWIFT_VERSION = 5.0;
				TARGETED_DEVICE_FAMILY = "1,2";
				TEST_HOST = "$(BUILT_PRODUCTS_DIR)/TestLib.app/TestLib";
			};
			name = Debug;
		};
		16518EA823B365FB000CEE63 /* Release */ = {
			isa = XCBuildConfiguration;
			buildSettings = {
				ALWAYS_EMBED_SWIFT_STANDARD_LIBRARIES = YES;
				CODE_SIGN_STYLE = Automatic;
				INFOPLIST_FILE = TestLibCore/TestsInfo.plist;
				LD_RUNPATH_SEARCH_PATHS = (
					"$(inherited)",
					"@executable_path/Frameworks",
					"@loader_path/Frameworks",
				);
				PRODUCT_BUNDLE_IDENTIFIER = com.github.ph9.TestLibCoreTests;
				PRODUCT_NAME = "$(TARGET_NAME)";
				SWIFT_VERSION = 5.0;
				TARGETED_DEVICE_FAMILY = "1,2";
				TEST_HOST = "$(BUILT_PRODUCTS_DIR)/TestLib.app/TestLib";
			};
			name = Release;
		};
		16518EBA23B36611000CEE63 /* Debug */ = {
			isa = XCBuildConfiguration;
			buildSettings = {
				CODE_SIGN_STYLE = Automatic;
				CURRENT_PROJECT_VERSION = 1;
				DEFINES_MODULE = YES;
				DYLIB_COMPATIBILITY_VERSION = 1;
				DYLIB_CURRENT_VERSION = 1;
				DYLIB_INSTALL_NAME_BASE = "@rpath";
				INFOPLIST_FILE = TestLibTest/Info.plist;
				INSTALL_PATH = "$(LOCAL_LIBRARY_DIR)/Frameworks";
				LD_RUNPATH_SEARCH_PATHS = (
					"$(inherited)",
					"@executable_path/Frameworks",
					"@loader_path/Frameworks",
				);
				PRODUCT_BUNDLE_IDENTIFIER = com.github.ph9.TestLibTest;
				PRODUCT_NAME = "$(TARGET_NAME:c99extidentifier)";
				SKIP_INSTALL = YES;
				SWIFT_VERSION = 5.0;
				TARGETED_DEVICE_FAMILY = "1,2";
				VERSIONING_SYSTEM = "apple-generic";
				VERSION_INFO_PREFIX = "";
			};
			name = Debug;
		};
		16518EBB23B36611000CEE63 /* Release */ = {
			isa = XCBuildConfiguration;
			buildSettings = {
				CODE_SIGN_STYLE = Automatic;
				CURRENT_PROJECT_VERSION = 1;
				DEFINES_MODULE = YES;
				DYLIB_COMPATIBILITY_VERSION = 1;
				DYLIB_CURRENT_VERSION = 1;
				DYLIB_INSTALL_NAME_BASE = "@rpath";
				INFOPLIST_FILE = TestLibTest/Info.plist;
				INSTALL_PATH = "$(LOCAL_LIBRARY_DIR)/Frameworks";
				LD_RUNPATH_SEARCH_PATHS = (
					"$(inherited)",
					"@executable_path/Frameworks",
					"@loader_path/Frameworks",
				);
				PRODUCT_BUNDLE_IDENTIFIER = com.github.ph9.TestLibTest;
				PRODUCT_NAME = "$(TARGET_NAME:c99extidentifier)";
				SKIP_INSTALL = YES;
				SWIFT_VERSION = 5.0;
				TARGETED_DEVICE_FAMILY = "1,2";
				VERSIONING_SYSTEM = "apple-generic";
				VERSION_INFO_PREFIX = "";
			};
			name = Release;
		};
		16A6491C23B34F000082CCB2 /* Debug */ = {
			isa = XCBuildConfiguration;
			buildSettings = {
				ALWAYS_SEARCH_USER_PATHS = NO;
				CLANG_ANALYZER_NONNULL = YES;
				CLANG_ANALYZER_NUMBER_OBJECT_CONVERSION = YES_AGGRESSIVE;
				CLANG_CXX_LANGUAGE_STANDARD = "gnu++14";
				CLANG_CXX_LIBRARY = "libc++";
				CLANG_ENABLE_MODULES = YES;
				CLANG_ENABLE_OBJC_ARC = YES;
				CLANG_ENABLE_OBJC_WEAK = YES;
				CLANG_WARN_BLOCK_CAPTURE_AUTORELEASING = YES;
				CLANG_WARN_BOOL_CONVERSION = YES;
				CLANG_WARN_COMMA = YES;
				CLANG_WARN_CONSTANT_CONVERSION = YES;
				CLANG_WARN_DEPRECATED_OBJC_IMPLEMENTATIONS = YES;
				CLANG_WARN_DIRECT_OBJC_ISA_USAGE = YES_ERROR;
				CLANG_WARN_DOCUMENTATION_COMMENTS = YES;
				CLANG_WARN_EMPTY_BODY = YES;
				CLANG_WARN_ENUM_CONVERSION = YES;
				CLANG_WARN_INFINITE_RECURSION = YES;
				CLANG_WARN_INT_CONVERSION = YES;
				CLANG_WARN_NON_LITERAL_NULL_CONVERSION = YES;
				CLANG_WARN_OBJC_IMPLICIT_RETAIN_SELF = YES;
				CLANG_WARN_OBJC_LITERAL_CONVERSION = YES;
				CLANG_WARN_OBJC_ROOT_CLASS = YES_ERROR;
				CLANG_WARN_RANGE_LOOP_ANALYSIS = YES;
				CLANG_WARN_STRICT_PROTOTYPES = YES;
				CLANG_WARN_SUSPICIOUS_MOVE = YES;
				CLANG_WARN_UNGUARDED_AVAILABILITY = YES_AGGRESSIVE;
				CLANG_WARN_UNREACHABLE_CODE = YES;
				CLANG_WARN__DUPLICATE_METHOD_MATCH = YES;
				COPY_PHASE_STRIP = NO;
				DEBUG_INFORMATION_FORMAT = dwarf;
				ENABLE_STRICT_OBJC_MSGSEND = YES;
				ENABLE_TESTABILITY = YES;
				GCC_C_LANGUAGE_STANDARD = gnu11;
				GCC_DYNAMIC_NO_PIC = NO;
				GCC_NO_COMMON_BLOCKS = YES;
				GCC_OPTIMIZATION_LEVEL = 0;
				GCC_PREPROCESSOR_DEFINITIONS = (
					"DEBUG=1",
					"$(inherited)",
				);
				GCC_WARN_64_TO_32_BIT_CONVERSION = YES;
				GCC_WARN_ABOUT_RETURN_TYPE = YES_ERROR;
				GCC_WARN_UNDECLARED_SELECTOR = YES;
				GCC_WARN_UNINITIALIZED_AUTOS = YES_AGGRESSIVE;
				GCC_WARN_UNUSED_FUNCTION = YES;
				GCC_WARN_UNUSED_VARIABLE = YES;
				IPHONEOS_DEPLOYMENT_TARGET = 13.2;
				MTL_ENABLE_DEBUG_INFO = INCLUDE_SOURCE;
				MTL_FAST_MATH = YES;
				ONLY_ACTIVE_ARCH = YES;
				SDKROOT = iphoneos;
				SWIFT_ACTIVE_COMPILATION_CONDITIONS = DEBUG;
				SWIFT_OPTIMIZATION_LEVEL = "-Onone";
			};
			name = Debug;
		};
		16A6491D23B34F000082CCB2 /* Release */ = {
			isa = XCBuildConfiguration;
			buildSettings = {
				ALWAYS_SEARCH_USER_PATHS = NO;
				CLANG_ANALYZER_NONNULL = YES;
				CLANG_ANALYZER_NUMBER_OBJECT_CONVERSION = YES_AGGRESSIVE;
				CLANG_CXX_LANGUAGE_STANDARD = "gnu++14";
				CLANG_CXX_LIBRARY = "libc++";
				CLANG_ENABLE_MODULES = YES;
				CLANG_ENABLE_OBJC_ARC = YES;
				CLANG_ENABLE_OBJC_WEAK = YES;
				CLANG_WARN_BLOCK_CAPTURE_AUTORELEASING = YES;
				CLANG_WARN_BOOL_CONVERSION = YES;
				CLANG_WARN_COMMA = YES;
				CLANG_WARN_CONSTANT_CONVERSION = YES;
				CLANG_WARN_DEPRECATED_OBJC_IMPLEMENTATIONS = YES;
				CLANG_WARN_DIRECT_OBJC_ISA_USAGE = YES_ERROR;
				CLANG_WARN_DOCUMENTATION_COMMENTS = YES;
				CLANG_WARN_EMPTY_BODY = YES;
				CLANG_WARN_ENUM_CONVERSION = YES;
				CLANG_WARN_INFINITE_RECURSION = YES;
				CLANG_WARN_INT_CONVERSION = YES;
				CLANG_WARN_NON_LITERAL_NULL_CONVERSION = YES;
				CLANG_WARN_OBJC_IMPLICIT_RETAIN_SELF = YES;
				CLANG_WARN_OBJC_LITERAL_CONVERSION = YES;
				CLANG_WARN_OBJC_ROOT_CLASS = YES_ERROR;
				CLANG_WARN_RANGE_LOOP_ANALYSIS = YES;
				CLANG_WARN_STRICT_PROTOTYPES = YES;
				CLANG_WARN_SUSPICIOUS_MOVE = YES;
				CLANG_WARN_UNGUARDED_AVAILABILITY = YES_AGGRESSIVE;
				CLANG_WARN_UNREACHABLE_CODE = YES;
				CLANG_WARN__DUPLICATE_METHOD_MATCH = YES;
				COPY_PHASE_STRIP = NO;
				DEBUG_INFORMATION_FORMAT = "dwarf-with-dsym";
				ENABLE_NS_ASSERTIONS = NO;
				ENABLE_STRICT_OBJC_MSGSEND = YES;
				GCC_C_LANGUAGE_STANDARD = gnu11;
				GCC_NO_COMMON_BLOCKS = YES;
				GCC_WARN_64_TO_32_BIT_CONVERSION = YES;
				GCC_WARN_ABOUT_RETURN_TYPE = YES_ERROR;
				GCC_WARN_UNDECLARED_SELECTOR = YES;
				GCC_WARN_UNINITIALIZED_AUTOS = YES_AGGRESSIVE;
				GCC_WARN_UNUSED_FUNCTION = YES;
				GCC_WARN_UNUSED_VARIABLE = YES;
				IPHONEOS_DEPLOYMENT_TARGET = 13.2;
				MTL_ENABLE_DEBUG_INFO = NO;
				MTL_FAST_MATH = YES;
				SDKROOT = iphoneos;
				SWIFT_COMPILATION_MODE = wholemodule;
				SWIFT_OPTIMIZATION_LEVEL = "-O";
				VALIDATE_PRODUCT = YES;
			};
			name = Release;
		};
		16A6491F23B34F000082CCB2 /* Debug */ = {
			isa = XCBuildConfiguration;
			buildSettings = {
				ALWAYS_EMBED_SWIFT_STANDARD_LIBRARIES = YES;
				ASSETCATALOG_COMPILER_APPICON_NAME = AppIcon;
				CODE_SIGN_STYLE = Automatic;
				INFOPLIST_FILE = TestLib/Info.plist;
				LD_RUNPATH_SEARCH_PATHS = (
					"$(inherited)",
					"@executable_path/Frameworks",
				);
				PRODUCT_BUNDLE_IDENTIFIER = com.github.ph9.TestLib;
				PRODUCT_NAME = "$(TARGET_NAME)";
				SWIFT_VERSION = 5.0;
				TARGETED_DEVICE_FAMILY = "1,2";
			};
			name = Debug;
		};
		16A6492023B34F000082CCB2 /* Release */ = {
			isa = XCBuildConfiguration;
			buildSettings = {
				ALWAYS_EMBED_SWIFT_STANDARD_LIBRARIES = YES;
				ASSETCATALOG_COMPILER_APPICON_NAME = AppIcon;
				CODE_SIGN_STYLE = Automatic;
				INFOPLIST_FILE = TestLib/Info.plist;
				LD_RUNPATH_SEARCH_PATHS = (
					"$(inherited)",
					"@executable_path/Frameworks",
				);
				PRODUCT_BUNDLE_IDENTIFIER = com.github.ph9.TestLib;
				PRODUCT_NAME = "$(TARGET_NAME)";
				SWIFT_VERSION = 5.0;
				TARGETED_DEVICE_FAMILY = "1,2";
			};
			name = Release;
		};
		16A6492223B34F000082CCB2 /* Debug */ = {
			isa = XCBuildConfiguration;
			buildSettings = {
				ALWAYS_EMBED_SWIFT_STANDARD_LIBRARIES = YES;
				BUNDLE_LOADER = "$(TEST_HOST)";
				CODE_SIGN_STYLE = Automatic;
				INFOPLIST_FILE = TestLibTests/Info.plist;
				IPHONEOS_DEPLOYMENT_TARGET = 13.2;
				LD_RUNPATH_SEARCH_PATHS = (
					"$(inherited)",
					"@executable_path/Frameworks",
					"@loader_path/Frameworks",
				);
				PRODUCT_BUNDLE_IDENTIFIER = com.github.ph9.TestLibTests;
				PRODUCT_NAME = "$(TARGET_NAME)";
				SWIFT_VERSION = 5.0;
				TARGETED_DEVICE_FAMILY = "1,2";
				TEST_HOST = "$(BUILT_PRODUCTS_DIR)/TestLib.app/TestLib";
			};
			name = Debug;
		};
		16A6492323B34F000082CCB2 /* Release */ = {
			isa = XCBuildConfiguration;
			buildSettings = {
				ALWAYS_EMBED_SWIFT_STANDARD_LIBRARIES = YES;
				BUNDLE_LOADER = "$(TEST_HOST)";
				CODE_SIGN_STYLE = Automatic;
				INFOPLIST_FILE = TestLibTests/Info.plist;
				IPHONEOS_DEPLOYMENT_TARGET = 13.2;
				LD_RUNPATH_SEARCH_PATHS = (
					"$(inherited)",
					"@executable_path/Frameworks",
					"@loader_path/Frameworks",
				);
				PRODUCT_BUNDLE_IDENTIFIER = com.github.ph9.TestLibTests;
				PRODUCT_NAME = "$(TARGET_NAME)";
				SWIFT_VERSION = 5.0;
				TARGETED_DEVICE_FAMILY = "1,2";
				TEST_HOST = "$(BUILT_PRODUCTS_DIR)/TestLib.app/TestLib";
			};
			name = Release;
		};
/* End XCBuildConfiguration section */

/* Begin XCConfigurationList section */
		16518EA923B365FB000CEE63 /* Build configuration list for PBXNativeTarget "TestLibCore" */ = {
			isa = XCConfigurationList;
			buildConfigurations = (
				16518EA523B365FB000CEE63 /* Debug */,
				16518EA623B365FB000CEE63 /* Release */,
			);
			defaultConfigurationIsVisible = 0;
			defaultConfigurationName = Release;
		};
		16518EAA23B365FB000CEE63 /* Build configuration list for PBXNativeTarget "TestLibCoreTests" */ = {
			isa = XCConfigurationList;
			buildConfigurations = (
				16518EA723B365FB000CEE63 /* Debug */,
				16518EA823B365FB000CEE63 /* Release */,
			);
			defaultConfigurationIsVisible = 0;
			defaultConfigurationName = Release;
		};
		16518EB923B36611000CEE63 /* Build configuration list for PBXNativeTarget "TestLibTest" */ = {
			isa = XCConfigurationList;
			buildConfigurations = (
				16518EBA23B36611000CEE63 /* Debug */,
				16518EBB23B36611000CEE63 /* Release */,
			);
			defaultConfigurationIsVisible = 0;
			defaultConfigurationName = Release;
		};
		16A648FA23B34EFE0082CCB2 /* Build configuration list for PBXProject "TestLib" */ = {
			isa = XCConfigurationList;
			buildConfigurations = (
				16A6491C23B34F000082CCB2 /* Debug */,
				16A6491D23B34F000082CCB2 /* Release */,
			);
			defaultConfigurationIsVisible = 0;
			defaultConfigurationName = Release;
		};
		16A6491E23B34F000082CCB2 /* Build configuration list for PBXNativeTarget "TestLib" */ = {
			isa = XCConfigurationList;
			buildConfigurations = (
				16A6491F23B34F000082CCB2 /* Debug */,
				16A6492023B34F000082CCB2 /* Release */,
			);
			defaultConfigurationIsVisible = 0;
			defaultConfigurationName = Release;
		};
		16A6492123B34F000082CCB2 /* Build configuration list for PBXNativeTarget "TestLibTests" */ = {
			isa = XCConfigurationList;
			buildConfigurations = (
				16A6492223B34F000082CCB2 /* Debug */,
				16A6492323B34F000082CCB2 /* Release */,
			);
			defaultConfigurationIsVisible = 0;
			defaultConfigurationName = Release;
		};
/* End XCConfigurationList section */
	};
	rootObject = 16A648F723B34EFE0082CCB2 /* Project object */;
}
